
Microsoft Visual Studio Solution File, Format Version 12.00
# Visual Studio 14
VisualStudioVersion = 14.0.24720.0
MinimumVisualStudioVersion = 10.0.40219.1
Project("{8BC9CEB8-8B4A-11D0-8D11-00A0C91BC942}") = "Lab1", "volpy001_Lab1\volpy001_Lab1.vcxproj", "{C4F56D29-A471-4663-B13E-ACD7B3302947}"
EndProject
Project("{8BC9CEB8-8B4A-11D0-8D11-00A0C91BC942}") = "Lab2", "volpy001_Lab2\volpy001_Lab2.vcxproj", "{37C0B1F9-E2C3-4773-8AAB-A3263DCADE02}"
EndProject
Project("{8BC9CEB8-8B4A-11D0-8D11-00A0C91BC942}") = "Lab3", "volpy001_Lab3\volpy001_Lab3.vcxproj", "{95ADEF1D-8D00-4B2F-81A1-E625B73FA237}"
EndProject
Project("{8BC9CEB8-8B4A-11D0-8D11-00A0C91BC942}") = "Lab8", "volpy001_Lab8\volpy001_Lab8.vcxproj", "{F0FC56C9-F78A-45E8-9E5F-E6174AB4C1D4}"
EndProject
Project("{8BC9CEB8-8B4A-11D0-8D11-00A0C91BC942}") = "Lab12", "volpy001_Lab12\volpy001_Lab12.vcxproj", "{14C0EDBB-B4D4-4B08-9154-CAFFEF88328E}"
EndProject
Project("{8BC9CEB8-8B4A-11D0-8D11-00A0C91BC942}") = "FightSimulator", "FightSimulator\FightSimulator.vcxproj", "{C9D0A4C8-12F6-4D14-95D1-618D1930C8F5}"
EndProject
Project("{8BC9CEB8-8B4A-11D0-8D11-00A0C91BC942}") = "CSCI1113ClassNotes", "CSCI1113ClassNotes\CSCI1113ClassNotes.vcxproj", "{9DFA22C5-F662-4BED-8289-4A23B754D577}"
EndProject
Project("{8BC9CEB8-8B4A-11D0-8D11-00A0C91BC942}") = "TestLab", "TestLab\TestLab.vcxproj", "{AAC7A337-FDFA-4C20-9941-DED3E1314698}"
EndProject
Project("{8BC9CEB8-8B4A-11D0-8D11-00A0C91BC942}") = "C++Lab1", "C++Lab1\C++Lab1.vcxproj", "{DB5A43B1-E24A-498B-A242-EEE48AAF7D5C}"
EndProject
Project("{8BC9CEB8-8B4A-11D0-8D11-00A0C91BC942}") = "C++Lab2", "C++Lab2\C++Lab2.vcxproj", "{CEF8AF79-18DD-4307-BB95-9F6A740381F3}"
EndProject
Project("{8BC9CEB8-8B4A-11D0-8D11-00A0C91BC942}") = "volpy001_0A", "C++_HW0\C++_HW0.vcxproj", "{962E0130-AC6B-48D2-964A-5FCCEF0B6881}"
EndProject
Project("{8BC9CEB8-8B4A-11D0-8D11-00A0C91BC942}") = "Battlefield", "Battlefield\Battlefield.vcxproj", "{C0AA2573-9FD3-44ED-8464-E8A8DDE5D043}"
EndProject
Project("{8BC9CEB8-8B4A-11D0-8D11-00A0C91BC942}") = "C++HW2", "C++HW3\C++HW3.vcxproj", "{20671283-46C4-4E53-B417-7463D8BD5909}"
EndProject
Project("{8BC9CEB8-8B4A-11D0-8D11-00A0C91BC942}") = "C++Lab4", "C++Lab4\C++Lab4.vcxproj", "{0645BA1A-F50F-4F17-B160-2DBD4155AC6E}"
EndProject
Project("{8BC9CEB8-8B4A-11D0-8D11-00A0C91BC942}") = "volpy001_2A", "volpy001_2A\volpy001_2A.vcxproj", "{006AD268-3BE2-43F2-9681-ED3CC6887F7E}"
EndProject
Project("{8BC9CEB8-8B4A-11D0-8D11-00A0C91BC942}") = "volpy001_2B", "volpy001_2B\volpy001_2B.vcxproj", "{E3D71C6B-1313-4C5B-997B-E9D12707D0C2}"
EndProject
Project("{8BC9CEB8-8B4A-11D0-8D11-00A0C91BC942}") = "volpy001_3A", "volpy001_3A\volpy001_3A.vcxproj", "{541A71F2-DAE0-46F5-9AC7-8418125A4C1E}"
EndProject
Project("{8BC9CEB8-8B4A-11D0-8D11-00A0C91BC942}") = "volpy001_3B", "volpy001_3B\volpy001_3B.vcxproj", "{F8BFEAB7-4C22-4AA0-911C-B9F4A664E26D}"
EndProject
Project("{8BC9CEB8-8B4A-11D0-8D11-00A0C91BC942}") = "C++Lab5", "C++Lab5\C++Lab5.vcxproj", "{681B7A35-FE8F-4128-9C8D-62005C9A470D}"
EndProject
Global
	GlobalSection(SolutionConfigurationPlatforms) = preSolution
		Debug|x64 = Debug|x64
		Debug|x86 = Debug|x86
		Release|x64 = Release|x64
		Release|x86 = Release|x86
	EndGlobalSection
	GlobalSection(ProjectConfigurationPlatforms) = postSolution
		{C4F56D29-A471-4663-B13E-ACD7B3302947}.Debug|x64.ActiveCfg = Debug|x64
		{C4F56D29-A471-4663-B13E-ACD7B3302947}.Debug|x64.Build.0 = Debug|x64
		{C4F56D29-A471-4663-B13E-ACD7B3302947}.Debug|x86.ActiveCfg = Debug|Win32
		{C4F56D29-A471-4663-B13E-ACD7B3302947}.Debug|x86.Build.0 = Debug|Win32
		{C4F56D29-A471-4663-B13E-ACD7B3302947}.Release|x64.ActiveCfg = Release|x64
		{C4F56D29-A471-4663-B13E-ACD7B3302947}.Release|x64.Build.0 = Release|x64
		{C4F56D29-A471-4663-B13E-ACD7B3302947}.Release|x86.ActiveCfg = Release|Win32
		{C4F56D29-A471-4663-B13E-ACD7B3302947}.Release|x86.Build.0 = Release|Win32
		{37C0B1F9-E2C3-4773-8AAB-A3263DCADE02}.Debug|x64.ActiveCfg = Debug|x64
		{37C0B1F9-E2C3-4773-8AAB-A3263DCADE02}.Debug|x64.Build.0 = Debug|x64
		{37C0B1F9-E2C3-4773-8AAB-A3263DCADE02}.Debug|x86.ActiveCfg = Debug|Win32
		{37C0B1F9-E2C3-4773-8AAB-A3263DCADE02}.Debug|x86.Build.0 = Debug|Win32
		{37C0B1F9-E2C3-4773-8AAB-A3263DCADE02}.Release|x64.ActiveCfg = Release|x64
		{37C0B1F9-E2C3-4773-8AAB-A3263DCADE02}.Release|x64.Build.0 = Release|x64
		{37C0B1F9-E2C3-4773-8AAB-A3263DCADE02}.Release|x86.ActiveCfg = Release|Win32
		{37C0B1F9-E2C3-4773-8AAB-A3263DCADE02}.Release|x86.Build.0 = Release|Win32
		{95ADEF1D-8D00-4B2F-81A1-E625B73FA237}.Debug|x64.ActiveCfg = Debug|x64
		{95ADEF1D-8D00-4B2F-81A1-E625B73FA237}.Debug|x64.Build.0 = Debug|x64
		{95ADEF1D-8D00-4B2F-81A1-E625B73FA237}.Debug|x86.ActiveCfg = Debug|Win32
		{95ADEF1D-8D00-4B2F-81A1-E625B73FA237}.Debug|x86.Build.0 = Debug|Win32
		{95ADEF1D-8D00-4B2F-81A1-E625B73FA237}.Release|x64.ActiveCfg = Release|x64
		{95ADEF1D-8D00-4B2F-81A1-E625B73FA237}.Release|x64.Build.0 = Release|x64
		{95ADEF1D-8D00-4B2F-81A1-E625B73FA237}.Release|x86.ActiveCfg = Release|Win32
		{95ADEF1D-8D00-4B2F-81A1-E625B73FA237}.Release|x86.Build.0 = Release|Win32
		{F0FC56C9-F78A-45E8-9E5F-E6174AB4C1D4}.Debug|x64.ActiveCfg = Debug|x64
		{F0FC56C9-F78A-45E8-9E5F-E6174AB4C1D4}.Debug|x64.Build.0 = Debug|x64
		{F0FC56C9-F78A-45E8-9E5F-E6174AB4C1D4}.Debug|x86.ActiveCfg = Debug|Win32
		{F0FC56C9-F78A-45E8-9E5F-E6174AB4C1D4}.Debug|x86.Build.0 = Debug|Win32
		{F0FC56C9-F78A-45E8-9E5F-E6174AB4C1D4}.Release|x64.ActiveCfg = Release|x64
		{F0FC56C9-F78A-45E8-9E5F-E6174AB4C1D4}.Release|x64.Build.0 = Release|x64
		{F0FC56C9-F78A-45E8-9E5F-E6174AB4C1D4}.Release|x86.ActiveCfg = Release|Win32
		{F0FC56C9-F78A-45E8-9E5F-E6174AB4C1D4}.Release|x86.Build.0 = Release|Win32
		{14C0EDBB-B4D4-4B08-9154-CAFFEF88328E}.Debug|x64.ActiveCfg = Debug|x64
		{14C0EDBB-B4D4-4B08-9154-CAFFEF88328E}.Debug|x64.Build.0 = Debug|x64
		{14C0EDBB-B4D4-4B08-9154-CAFFEF88328E}.Debug|x86.ActiveCfg = Debug|Win32
		{14C0EDBB-B4D4-4B08-9154-CAFFEF88328E}.Debug|x86.Build.0 = Debug|Win32
		{14C0EDBB-B4D4-4B08-9154-CAFFEF88328E}.Release|x64.ActiveCfg = Release|x64
		{14C0EDBB-B4D4-4B08-9154-CAFFEF88328E}.Release|x64.Build.0 = Release|x64
		{14C0EDBB-B4D4-4B08-9154-CAFFEF88328E}.Release|x86.ActiveCfg = Release|Win32
		{14C0EDBB-B4D4-4B08-9154-CAFFEF88328E}.Release|x86.Build.0 = Release|Win32
		{C9D0A4C8-12F6-4D14-95D1-618D1930C8F5}.Debug|x64.ActiveCfg = Debug|x64
		{C9D0A4C8-12F6-4D14-95D1-618D1930C8F5}.Debug|x64.Build.0 = Debug|x64
		{C9D0A4C8-12F6-4D14-95D1-618D1930C8F5}.Debug|x86.ActiveCfg = Debug|Win32
		{C9D0A4C8-12F6-4D14-95D1-618D1930C8F5}.Debug|x86.Build.0 = Debug|Win32
		{C9D0A4C8-12F6-4D14-95D1-618D1930C8F5}.Release|x64.ActiveCfg = Release|x64
		{C9D0A4C8-12F6-4D14-95D1-618D1930C8F5}.Release|x64.Build.0 = Release|x64
		{C9D0A4C8-12F6-4D14-95D1-618D1930C8F5}.Release|x86.ActiveCfg = Release|Win32
		{C9D0A4C8-12F6-4D14-95D1-618D1930C8F5}.Release|x86.Build.0 = Release|Win32
		{9DFA22C5-F662-4BED-8289-4A23B754D577}.Debug|x64.ActiveCfg = Debug|x64
		{9DFA22C5-F662-4BED-8289-4A23B754D577}.Debug|x64.Build.0 = Debug|x64
		{9DFA22C5-F662-4BED-8289-4A23B754D577}.Debug|x86.ActiveCfg = Debug|Win32
		{9DFA22C5-F662-4BED-8289-4A23B754D577}.Debug|x86.Build.0 = Debug|Win32
		{9DFA22C5-F662-4BED-8289-4A23B754D577}.Release|x64.ActiveCfg = Release|x64
		{9DFA22C5-F662-4BED-8289-4A23B754D577}.Release|x64.Build.0 = Release|x64
		{9DFA22C5-F662-4BED-8289-4A23B754D577}.Release|x86.ActiveCfg = Release|Win32
		{9DFA22C5-F662-4BED-8289-4A23B754D577}.Release|x86.Build.0 = Release|Win32
		{AAC7A337-FDFA-4C20-9941-DED3E1314698}.Debug|x64.ActiveCfg = Debug|x64
		{AAC7A337-FDFA-4C20-9941-DED3E1314698}.Debug|x64.Build.0 = Debug|x64
		{AAC7A337-FDFA-4C20-9941-DED3E1314698}.Debug|x86.ActiveCfg = Debug|Win32
		{AAC7A337-FDFA-4C20-9941-DED3E1314698}.Debug|x86.Build.0 = Debug|Win32
		{AAC7A337-FDFA-4C20-9941-DED3E1314698}.Release|x64.ActiveCfg = Release|x64
		{AAC7A337-FDFA-4C20-9941-DED3E1314698}.Release|x64.Build.0 = Release|x64
		{AAC7A337-FDFA-4C20-9941-DED3E1314698}.Release|x86.ActiveCfg = Release|Win32
		{AAC7A337-FDFA-4C20-9941-DED3E1314698}.Release|x86.Build.0 = Release|Win32
		{DB5A43B1-E24A-498B-A242-EEE48AAF7D5C}.Debug|x64.ActiveCfg = Debug|x64
		{DB5A43B1-E24A-498B-A242-EEE48AAF7D5C}.Debug|x64.Build.0 = Debug|x64
		{DB5A43B1-E24A-498B-A242-EEE48AAF7D5C}.Debug|x86.ActiveCfg = Debug|Win32
		{DB5A43B1-E24A-498B-A242-EEE48AAF7D5C}.Debug|x86.Build.0 = Debug|Win32
		{DB5A43B1-E24A-498B-A242-EEE48AAF7D5C}.Release|x64.ActiveCfg = Release|x64
		{DB5A43B1-E24A-498B-A242-EEE48AAF7D5C}.Release|x64.Build.0 = Release|x64
		{DB5A43B1-E24A-498B-A242-EEE48AAF7D5C}.Release|x86.ActiveCfg = Release|Win32
		{DB5A43B1-E24A-498B-A242-EEE48AAF7D5C}.Release|x86.Build.0 = Release|Win32
		{CEF8AF79-18DD-4307-BB95-9F6A740381F3}.Debug|x64.ActiveCfg = Debug|x64
		{CEF8AF79-18DD-4307-BB95-9F6A740381F3}.Debug|x64.Build.0 = Debug|x64
		{CEF8AF79-18DD-4307-BB95-9F6A740381F3}.Debug|x86.ActiveCfg = Debug|Win32
		{CEF8AF79-18DD-4307-BB95-9F6A740381F3}.Debug|x86.Build.0 = Debug|Win32
		{CEF8AF79-18DD-4307-BB95-9F6A740381F3}.Release|x64.ActiveCfg = Release|x64
		{CEF8AF79-18DD-4307-BB95-9F6A740381F3}.Release|x64.Build.0 = Release|x64
		{CEF8AF79-18DD-4307-BB95-9F6A740381F3}.Release|x86.ActiveCfg = Release|Win32
		{CEF8AF79-18DD-4307-BB95-9F6A740381F3}.Release|x86.Build.0 = Release|Win32
		{962E0130-AC6B-48D2-964A-5FCCEF0B6881}.Debug|x64.ActiveCfg = Debug|x64
		{962E0130-AC6B-48D2-964A-5FCCEF0B6881}.Debug|x64.Build.0 = Debug|x64
		{962E0130-AC6B-48D2-964A-5FCCEF0B6881}.Debug|x86.ActiveCfg = Debug|Win32
		{962E0130-AC6B-48D2-964A-5FCCEF0B6881}.Debug|x86.Build.0 = Debug|Win32
		{962E0130-AC6B-48D2-964A-5FCCEF0B6881}.Release|x64.ActiveCfg = Release|x64
		{962E0130-AC6B-48D2-964A-5FCCEF0B6881}.Release|x64.Build.0 = Release|x64
		{962E0130-AC6B-48D2-964A-5FCCEF0B6881}.Release|x86.ActiveCfg = Release|Win32
		{962E0130-AC6B-48D2-964A-5FCCEF0B6881}.Release|x86.Build.0 = Release|Win32
		{C0AA2573-9FD3-44ED-8464-E8A8DDE5D043}.Debug|x64.ActiveCfg = Debug|x64
		{C0AA2573-9FD3-44ED-8464-E8A8DDE5D043}.Debug|x64.Build.0 = Debug|x64
		{C0AA2573-9FD3-44ED-8464-E8A8DDE5D043}.Debug|x86.ActiveCfg = Debug|Win32
		{C0AA2573-9FD3-44ED-8464-E8A8DDE5D043}.Debug|x86.Build.0 = Debug|Win32
		{C0AA2573-9FD3-44ED-8464-E8A8DDE5D043}.Release|x64.ActiveCfg = Release|x64
		{C0AA2573-9FD3-44ED-8464-E8A8DDE5D043}.Release|x64.Build.0 = Release|x64
		{C0AA2573-9FD3-44ED-8464-E8A8DDE5D043}.Release|x86.ActiveCfg = Release|Win32
		{C0AA2573-9FD3-44ED-8464-E8A8DDE5D043}.Release|x86.Build.0 = Release|Win32
		{20671283-46C4-4E53-B417-7463D8BD5909}.Debug|x64.ActiveCfg = Debug|x64
		{20671283-46C4-4E53-B417-7463D8BD5909}.Debug|x64.Build.0 = Debug|x64
		{20671283-46C4-4E53-B417-7463D8BD5909}.Debug|x86.ActiveCfg = Debug|Win32
		{20671283-46C4-4E53-B417-7463D8BD5909}.Debug|x86.Build.0 = Debug|Win32
		{20671283-46C4-4E53-B417-7463D8BD5909}.Release|x64.ActiveCfg = Release|x64
		{20671283-46C4-4E53-B417-7463D8BD5909}.Release|x64.Build.0 = Release|x64
		{20671283-46C4-4E53-B417-7463D8BD5909}.Release|x86.ActiveCfg = Release|Win32
		{20671283-46C4-4E53-B417-7463D8BD5909}.Release|x86.Build.0 = Release|Win32
		{0645BA1A-F50F-4F17-B160-2DBD4155AC6E}.Debug|x64.ActiveCfg = Debug|x64
		{0645BA1A-F50F-4F17-B160-2DBD4155AC6E}.Debug|x64.Build.0 = Debug|x64
		{0645BA1A-F50F-4F17-B160-2DBD4155AC6E}.Debug|x86.ActiveCfg = Debug|Win32
		{0645BA1A-F50F-4F17-B160-2DBD4155AC6E}.Debug|x86.Build.0 = Debug|Win32
		{0645BA1A-F50F-4F17-B160-2DBD4155AC6E}.Release|x64.ActiveCfg = Release|x64
		{0645BA1A-F50F-4F17-B160-2DBD4155AC6E}.Release|x64.Build.0 = Release|x64
		{0645BA1A-F50F-4F17-B160-2DBD4155AC6E}.Release|x86.ActiveCfg = Release|Win32
		{0645BA1A-F50F-4F17-B160-2DBD4155AC6E}.Release|x86.Build.0 = Release|Win32
		{006AD268-3BE2-43F2-9681-ED3CC6887F7E}.Debug|x64.ActiveCfg = Debug|x64
		{006AD268-3BE2-43F2-9681-ED3CC6887F7E}.Debug|x64.Build.0 = Debug|x64
		{006AD268-3BE2-43F2-9681-ED3CC6887F7E}.Debug|x86.ActiveCfg = Debug|Win32
		{006AD268-3BE2-43F2-9681-ED3CC6887F7E}.Debug|x86.Build.0 = Debug|Win32
		{006AD268-3BE2-43F2-9681-ED3CC6887F7E}.Release|x64.ActiveCfg = Release|x64
		{006AD268-3BE2-43F2-9681-ED3CC6887F7E}.Release|x64.Build.0 = Release|x64
		{006AD268-3BE2-43F2-9681-ED3CC6887F7E}.Release|x86.ActiveCfg = Release|Win32
		{006AD268-3BE2-43F2-9681-ED3CC6887F7E}.Release|x86.Build.0 = Release|Win32
		{E3D71C6B-1313-4C5B-997B-E9D12707D0C2}.Debug|x64.ActiveCfg = Debug|x64
		{E3D71C6B-1313-4C5B-997B-E9D12707D0C2}.Debug|x64.Build.0 = Debug|x64
		{E3D71C6B-1313-4C5B-997B-E9D12707D0C2}.Debug|x86.ActiveCfg = Debug|Win32
		{E3D71C6B-1313-4C5B-997B-E9D12707D0C2}.Debug|x86.Build.0 = Debug|Win32
		{E3D71C6B-1313-4C5B-997B-E9D12707D0C2}.Release|x64.ActiveCfg = Release|x64
		{E3D71C6B-1313-4C5B-997B-E9D12707D0C2}.Release|x64.Build.0 = Release|x64
		{E3D71C6B-1313-4C5B-997B-E9D12707D0C2}.Release|x86.ActiveCfg = Release|Win32
		{E3D71C6B-1313-4C5B-997B-E9D12707D0C2}.Release|x86.Build.0 = Release|Win32
		{541A71F2-DAE0-46F5-9AC7-8418125A4C1E}.Debug|x64.ActiveCfg = Debug|x64
		{541A71F2-DAE0-46F5-9AC7-8418125A4C1E}.Debug|x64.Build.0 = Debug|x64
		{541A71F2-DAE0-46F5-9AC7-8418125A4C1E}.Debug|x86.ActiveCfg = Debug|Win32
		{541A71F2-DAE0-46F5-9AC7-8418125A4C1E}.Debug|x86.Build.0 = Debug|Win32
		{541A71F2-DAE0-46F5-9AC7-8418125A4C1E}.Release|x64.ActiveCfg = Release|x64
		{541A71F2-DAE0-46F5-9AC7-8418125A4C1E}.Release|x64.Build.0 = Release|x64
		{541A71F2-DAE0-46F5-9AC7-8418125A4C1E}.Release|x86.ActiveCfg = Release|Win32
		{541A71F2-DAE0-46F5-9AC7-8418125A4C1E}.Release|x86.Build.0 = Release|Win32
		{F8BFEAB7-4C22-4AA0-911C-B9F4A664E26D}.Debug|x64.ActiveCfg = Debug|x64
		{F8BFEAB7-4C22-4AA0-911C-B9F4A664E26D}.Debug|x64.Build.0 = Debug|x64
		{F8BFEAB7-4C22-4AA0-911C-B9F4A664E26D}.Debug|x86.ActiveCfg = Debug|Win32
		{F8BFEAB7-4C22-4AA0-911C-B9F4A664E26D}.Debug|x86.Build.0 = Debug|Win32
		{F8BFEAB7-4C22-4AA0-911C-B9F4A664E26D}.Release|x64.ActiveCfg = Release|x64
		{F8BFEAB7-4C22-4AA0-911C-B9F4A664E26D}.Release|x64.Build.0 = Release|x64
		{F8BFEAB7-4C22-4AA0-911C-B9F4A664E26D}.Release|x86.ActiveCfg = Release|Win32
		{F8BFEAB7-4C22-4AA0-911C-B9F4A664E26D}.Release|x86.Build.0 = Release|Win32
		{681B7A35-FE8F-4128-9C8D-62005C9A470D}.Debug|x64.ActiveCfg = Debug|x64
		{681B7A35-FE8F-4128-9C8D-62005C9A470D}.Debug|x64.Build.0 = Debug|x64
		{681B7A35-FE8F-4128-9C8D-62005C9A470D}.Debug|x86.ActiveCfg = Debug|Win32
		{681B7A35-FE8F-4128-9C8D-62005C9A470D}.Debug|x86.Build.0 = Debug|Win32
		{681B7A35-FE8F-4128-9C8D-62005C9A470D}.Release|x64.ActiveCfg = Release|x64
		{681B7A35-FE8F-4128-9C8D-62005C9A470D}.Release|x64.Build.0 = Release|x64
		{681B7A35-FE8F-4128-9C8D-62005C9A470D}.Release|x86.ActiveCfg = Release|Win32
		{681B7A35-FE8F-4128-9C8D-62005C9A470D}.Release|x86.Build.0 = Release|Win32
	EndGlobalSection
	GlobalSection(SolutionProperties) = preSolution
		HideSolutionNode = FALSE
	EndGlobalSection
EndGlobal
